
Microsoft Visual Studio Solution File, Format Version 12.00
# Visual Studio Version 16
VisualStudioVersion = 16.0.29519.87
MinimumVisualStudioVersion = 10.0.40219.1
Project("{9A19103F-16F7-4668-BE54-9A1E7A4F7556}") = "ProjektASP", "ProjektASP\ProjektASP.csproj", "{8089E829-6980-437C-BDDD-7314F843356F}"
EndProject
Project("{FAE04EC0-301F-11D3-BF4B-00C04F79EFBC}") = "ProjektASPTest", "ProjektASPTest\ProjektASPTest.csproj", "{2264E544-8724-4890-80E0-460C73537EBC}"
EndProject
Global
	GlobalSection(SolutionConfigurationPlatforms) = preSolution
		Debug|Any CPU = Debug|Any CPU
		Release|Any CPU = Release|Any CPU
	EndGlobalSection
	GlobalSection(ProjectConfigurationPlatforms) = postSolution
		{8089E829-6980-437C-BDDD-7314F843356F}.Debug|Any CPU.ActiveCfg = Debug|Any CPU
		{8089E829-6980-437C-BDDD-7314F843356F}.Debug|Any CPU.Build.0 = Debug|Any CPU
		{8089E829-6980-437C-BDDD-7314F843356F}.Release|Any CPU.ActiveCfg = Release|Any CPU
		{8089E829-6980-437C-BDDD-7314F843356F}.Release|Any CPU.Build.0 = Release|Any CPU
		{2264E544-8724-4890-80E0-460C73537EBC}.Debug|Any CPU.ActiveCfg = Debug|Any CPU
		{2264E544-8724-4890-80E0-460C73537EBC}.Debug|Any CPU.Build.0 = Debug|Any CPU
		{2264E544-8724-4890-80E0-460C73537EBC}.Release|Any CPU.ActiveCfg = Release|Any CPU
		{2264E544-8724-4890-80E0-460C73537EBC}.Release|Any CPU.Build.0 = Release|Any CPU
	EndGlobalSection
	GlobalSection(SolutionProperties) = preSolution
		HideSolutionNode = FALSE
	EndGlobalSection
	GlobalSection(ExtensibilityGlobals) = postSolution
		SolutionGuid = {8E108AF2-644E-4D07-9933-6EF1652F9AB5}
	EndGlobalSection
EndGlobal
